
Microsoft Visual Studio Solution File, Format Version 12.00
# Visual Studio 15
VisualStudioVersion = 15.0.28307.102
MinimumVisualStudioVersion = 10.0.40219.1
Project("{8BC9CEB8-8B4A-11D0-8D11-00A0C91BC942}") = "test", "test\test.vcxproj", "{516A96B5-8B72-4FA5-B884-EA44925170FD}"
EndProject
Global
	GlobalSection(SolutionConfigurationPlatforms) = preSolution
		Debug|x64 = Debug|x64
		Debug|x86 = Debug|x86
		Release|x64 = Release|x64
		Release|x86 = Release|x86
	EndGlobalSection
	GlobalSection(ProjectConfigurationPlatforms) = postSolution
		{516A96B5-8B72-4FA5-B884-EA44925170FD}.Debug|x64.ActiveCfg = Debug|x64
		{516A96B5-8B72-4FA5-B884-EA44925170FD}.Debug|x64.Build.0 = Debug|x64
		{516A96B5-8B72-4FA5-B884-EA44925170FD}.Debug|x86.ActiveCfg = Debug|Win32
		{516A96B5-8B72-4FA5-B884-EA44925170FD}.Debug|x86.Build.0 = Debug|Win32
		{516A96B5-8B72-4FA5-B884-EA44925170FD}.Release|x64.ActiveCfg = Release|x64
		{516A96B5-8B72-4FA5-B884-EA44925170FD}.Release|x64.Build.0 = Release|x64
		{516A96B5-8B72-4FA5-B884-EA44925170FD}.Release|x86.ActiveCfg = Release|Win32
		{516A96B5-8B72-4FA5-B884-EA44925170FD}.Release|x86.Build.0 = Release|Win32
	EndGlobalSection
	GlobalSection(SolutionProperties) = preSolution
		HideSolutionNode = FALSE
	EndGlobalSection
	GlobalSection(ExtensibilityGlobals) = postSolution
		SolutionGuid = {8711D133-A0BA-47D0-A840-58099E59E851}
	EndGlobalSection
EndGlobal
